// !$*UTF8*$!
{
	archiveVersion = 1;
	classes = {
	};
	objectVersion = 77;
	objects = {

/* Begin PBXBuildFile section */
		042F016A2F69DCC30087BDC2 /* GolfPlayerDetailView.swift in Sources */ = {isa = PBXBuildFile; fileRef = 042F01692F69DCC30087BDC2 /* GolfPlayerDetailView.swift */; };
		042F016C2F6C99910087BDC2 /* FullHistoryView.swift in Sources */ = {isa = PBXBuildFile; fileRef = 042F016B2F6C99910087BDC2 /* FullHistoryView.swift */; };
		0469ADCE2F7E61E60035C895 /* AnalyticsView.swift in Sources */ = {isa = PBXBuildFile; fileRef = 0469ADCD2F7E61E60035C895 /* AnalyticsView.swift */; };
		0469AF212F8CC1E00035C895 /* PlayoffTiersData.swift in Sources */ = {isa = PBXBuildFile; fileRef = 0469AF202F8CC1E00035C895 /* PlayoffTiersData.swift */; };
		04747F312FA5CAB9009F757D /* TennisBracketData.swift in Sources */ = {isa = PBXBuildFile; fileRef = 04747F302FA5CAB9009F757D /* TennisBracketData.swift */; };
		048067CC2FBF863A00861A1E /* Lobster-Regular.ttf in Resources */ = {isa = PBXBuildFile; fileRef = 048067CB2FBF863A00861A1E /* Lobster-Regular.ttf */; };
		048067D22FC1411000861A1E /* SoccerTiersData.swift in Sources */ = {isa = PBXBuildFile; fileRef = 048067D12FC1411000861A1E /* SoccerTiersData.swift */; };
		048067DC2FC1785400861A1E /* UFCDFSData.swift in Sources */ = {isa = PBXBuildFile; fileRef = 048067DB2FC1785400861A1E /* UFCDFSData.swift */; };
		048067DE2FC184B400861A1E /* NFLDFSData.swift in Sources */ = {isa = PBXBuildFile; fileRef = 048067DD2FC184B400861A1E /* NFLDFSData.swift */; };
		048067E02FC18B3300861A1E /* NCAAFBDFSData.swift in Sources */ = {isa = PBXBuildFile; fileRef = 048067DF2FC18B3300861A1E /* NCAAFBDFSData.swift */; };
		048067E22FC1B14300861A1E /* GolfTiersSettledDetailView.swift in Sources */ = {isa = PBXBuildFile; fileRef = 048067E12FC1B14300861A1E /* GolfTiersSettledDetailView.swift */; };
		04A32BE72FB1B48500EFB19C /* SoccerDFSData.swift in Sources */ = {isa = PBXBuildFile; fileRef = 04A32BE62FB1B48500EFB19C /* SoccerDFSData.swift */; };
		04A32C922FB4777800EFB19C /* GolfTiersData.swift in Sources */ = {isa = PBXBuildFile; fileRef = 04A32C912FB4777800EFB19C /* GolfTiersData.swift */; };
		04A32C942FB478EC00EFB19C /* GolfTiersViewModel.swift in Sources */ = {isa = PBXBuildFile; fileRef = 04A32C932FB478EC00EFB19C /* GolfTiersViewModel.swift */; };
		04A32C962FB479DC00EFB19C /* GolfTiersLobbyView.swift in Sources */ = {isa = PBXBuildFile; fileRef = 04A32C952FB479DC00EFB19C /* GolfTiersLobbyView.swift */; };
		04A32C982FB479DD00EFB19C /* GolfTiersLiveView.swift in Sources */ = {isa = PBXBuildFile; fileRef = 04A32C972FB479DD00EFB19C /* GolfTiersLiveView.swift */; };
		04A32C9A2FB479DF00EFB19C /* GolfTiersGroupDetailView.swift in Sources */ = {isa = PBXBuildFile; fileRef = 04A32C992FB479DF00EFB19C /* GolfTiersGroupDetailView.swift */; };
		04E02D0F2F579009009A4D3A /* SportsData.swift in Sources */ = {isa = PBXBuildFile; fileRef = 04E02D0E2F579009009A4D3A /* SportsData.swift */; };
		04E02D112F579627009A4D3A /* DFSData.swift in Sources */ = {isa = PBXBuildFile; fileRef = 04E02D102F579627009A4D3A /* DFSData.swift */; };
		04E02D172F588486009A4D3A /* SupabaseService.swift in Sources */ = {isa = PBXBuildFile; fileRef = 04E02D162F588486009A4D3A /* SupabaseService.swift */; };
		04E02D192F58849B009A4D3A /* AuthViewModel.swift in Sources */ = {isa = PBXBuildFile; fileRef = 04E02D182F58849B009A4D3A /* AuthViewModel.swift */; };
		04E02D1B2F58849C009A4D3A /* AuthView.swift in Sources */ = {isa = PBXBuildFile; fileRef = 04E02D1A2F58849C009A4D3A /* AuthView.swift */; };
		04E02D1D2F5885F6009A4D3A /* supabase_schema.sql in Resources */ = {isa = PBXBuildFile; fileRef = 04E02D1C2F5885F6009A4D3A /* supabase_schema.sql */; };
		04E02DC32F5BD7A9009A4D3A /* BestBallData.swift in Sources */ = {isa = PBXBuildFile; fileRef = 04E02DC22F5BD7A9009A4D3A /* BestBallData.swift */; };
		04E02E722F611884009A4D3A /* GolfDFSData.swift in Sources */ = {isa = PBXBuildFile; fileRef = 04E02E712F611884009A4D3A /* GolfDFSData.swift */; };
/* End PBXBuildFile section */

/* Begin PBXContainerItemProxy section */
		04E02CF22F578B82009A4D3A /* PBXContainerItemProxy */ = {
			isa = PBXContainerItemProxy;
			containerPortal = 04E02CD72F578B80009A4D3A /* Project object */;
			proxyType = 1;
			remoteGlobalIDString = 04E02CDE2F578B80009A4D3A;
			remoteInfo = GameOn;
		};
		04E02CFC2F578B82009A4D3A /* PBXContainerItemProxy */ = {
			isa = PBXContainerItemProxy;
			containerPortal = 04E02CD72F578B80009A4D3A /* Project object */;
			proxyType = 1;
			remoteGlobalIDString = 04E02CDE2F578B80009A4D3A;
			remoteInfo = GameOn;
		};
/* End PBXContainerItemProxy section */

/* Begin PBXFileReference section */
		042F01692F69DCC30087BDC2 /* GolfPlayerDetailView.swift */ = {isa = PBXFileReference; lastKnownFileType = sourcecode.swift; path = GolfPlayerDetailView.swift; sourceTree = "<group>"; };
		042F016B2F6C99910087BDC2 /* FullHistoryView.swift */ = {isa = PBXFileReference; lastKnownFileType = sourcecode.swift; path = FullHistoryView.swift; sourceTree = "<group>"; };
		0469ADCD2F7E61E60035C895 /* AnalyticsView.swift */ = {isa = PBXFileReference; lastKnownFileType = sourcecode.swift; path = AnalyticsView.swift; sourceTree = "<group>"; };
		0469AF202F8CC1E00035C895 /* PlayoffTiersData.swift */ = {isa = PBXFileReference; lastKnownFileType = sourcecode.swift; path = PlayoffTiersData.swift; sourceTree = "<group>"; };
		04747F302FA5CAB9009F757D /* TennisBracketData.swift */ = {isa = PBXFileReference; lastKnownFileType = sourcecode.swift; path = TennisBracketData.swift; sourceTree = "<group>"; };
		048067CB2FBF863A00861A1E /* Lobster-Regular.ttf */ = {isa = PBXFileReference; lastKnownFileType = file; path = "Lobster-Regular.ttf"; sourceTree = "<group>"; };
		048067D12FC1411000861A1E /* SoccerTiersData.swift */ = {isa = PBXFileReference; lastKnownFileType = sourcecode.swift; path = SoccerTiersData.swift; sourceTree = "<group>"; };
		048067DB2FC1785400861A1E /* UFCDFSData.swift */ = {isa = PBXFileReference; lastKnownFileType = sourcecode.swift; path = UFCDFSData.swift; sourceTree = "<group>"; };
		048067DD2FC184B400861A1E /* NFLDFSData.swift */ = {isa = PBXFileReference; lastKnownFileType = sourcecode.swift; path = NFLDFSData.swift; sourceTree = "<group>"; };
		048067DF2FC18B3300861A1E /* NCAAFBDFSData.swift */ = {isa = PBXFileReference; lastKnownFileType = sourcecode.swift; path = NCAAFBDFSData.swift; sourceTree = "<group>"; };
		048067E12FC1B14300861A1E /* GolfTiersSettledDetailView.swift */ = {isa = PBXFileReference; lastKnownFileType = sourcecode.swift; path = GolfTiersSettledDetailView.swift; sourceTree = "<group>"; };
		04A32BE62FB1B48500EFB19C /* SoccerDFSData.swift */ = {isa = PBXFileReference; lastKnownFileType = sourcecode.swift; path = SoccerDFSData.swift; sourceTree = "<group>"; };
		04A32C912FB4777800EFB19C /* GolfTiersData.swift */ = {isa = PBXFileReference; lastKnownFileType = sourcecode.swift; path = GolfTiersData.swift; sourceTree = "<group>"; };
		04A32C932FB478EC00EFB19C /* GolfTiersViewModel.swift */ = {isa = PBXFileReference; lastKnownFileType = sourcecode.swift; path = GolfTiersViewModel.swift; sourceTree = "<group>"; };
		04A32C952FB479DC00EFB19C /* GolfTiersLobbyView.swift */ = {isa = PBXFileReference; lastKnownFileType = sourcecode.swift; path = GolfTiersLobbyView.swift; sourceTree = "<group>"; };
		04A32C972FB479DD00EFB19C /* GolfTiersLiveView.swift */ = {isa = PBXFileReference; lastKnownFileType = sourcecode.swift; path = GolfTiersLiveView.swift; sourceTree = "<group>"; };
		04A32C992FB479DF00EFB19C /* GolfTiersGroupDetailView.swift */ = {isa = PBXFileReference; lastKnownFileType = sourcecode.swift; path = GolfTiersGroupDetailView.swift; sourceTree = "<group>"; };
		04E02CDF2F578B80009A4D3A /* DuelFantasy.app */ = {isa = PBXFileReference; explicitFileType = wrapper.application; includeInIndex = 0; path = DuelFantasy.app; sourceTree = BUILT_PRODUCTS_DIR; };
		04E02CF12F578B82009A4D3A /* DuelFantasyTests.xctest */ = {isa = PBXFileReference; explicitFileType = wrapper.cfbundle; includeInIndex = 0; path = DuelFantasyTests.xctest; sourceTree = BUILT_PRODUCTS_DIR; };
		04E02CFB2F578B82009A4D3A /* DuelFantasyUITests.xctest */ = {isa = PBXFileReference; explicitFileType = wrapper.cfbundle; includeInIndex = 0; path = DuelFantasyUITests.xctest; sourceTree = BUILT_PRODUCTS_DIR; };
		04E02D0E2F579009009A4D3A /* SportsData.swift */ = {isa = PBXFileReference; lastKnownFileType = sourcecode.swift; path = SportsData.swift; sourceTree = "<group>"; };
		04E02D102F579627009A4D3A /* DFSData.swift */ = {isa = PBXFileReference; lastKnownFileType = sourcecode.swift; path = DFSData.swift; sourceTree = "<group>"; };
		04E02D162F588486009A4D3A /* SupabaseService.swift */ = {isa = PBXFileReference; lastKnownFileType = sourcecode.swift; path = SupabaseService.swift; sourceTree = "<group>"; };
		04E02D182F58849B009A4D3A /* AuthViewModel.swift */ = {isa = PBXFileReference; lastKnownFileType = sourcecode.swift; path = AuthViewModel.swift; sourceTree = "<group>"; };
		04E02D1A2F58849C009A4D3A /* AuthView.swift */ = {isa = PBXFileReference; lastKnownFileType = sourcecode.swift; path = AuthView.swift; sourceTree = "<group>"; };
		04E02D1C2F5885F6009A4D3A /* supabase_schema.sql */ = {isa = PBXFileReference; lastKnownFileType = text; path = supabase_schema.sql; sourceTree = "<group>"; };
		04E02DC22F5BD7A9009A4D3A /* BestBallData.swift */ = {isa = PBXFileReference; lastKnownFileType = sourcecode.swift; path = BestBallData.swift; sourceTree = "<group>"; };
		04E02E712F611884009A4D3A /* GolfDFSData.swift */ = {isa = PBXFileReference; lastKnownFileType = sourcecode.swift; path = GolfDFSData.swift; sourceTree = "<group>"; };
/* End PBXFileReference section */

/* Begin PBXFileSystemSynchronizedBuildFileExceptionSet section */
		048067D02FBF878A00861A1E /* Exceptions for "DuelFantasy" folder in "DuelFantasy" target */ = {
			isa = PBXFileSystemSynchronizedBuildFileExceptionSet;
			membershipExceptions = (
				Info.plist,
			);
			target = 04E02CDE2F578B80009A4D3A /* DuelFantasy */;
		};
/* End PBXFileSystemSynchronizedBuildFileExceptionSet section */

/* Begin PBXFileSystemSynchronizedRootGroup section */
		04E02CE12F578B80009A4D3A /* DuelFantasy */ = {
			isa = PBXFileSystemSynchronizedRootGroup;
			exceptions = (
				048067D02FBF878A00861A1E /* Exceptions for "DuelFantasy" folder in "DuelFantasy" target */,
			);
			path = DuelFantasy;
			sourceTree = "<group>";
		};
		04E02CF42F578B82009A4D3A /* GameOnTests */ = {
			isa = PBXFileSystemSynchronizedRootGroup;
			path = GameOnTests;
			sourceTree = "<group>";
		};
		04E02CFE2F578B82009A4D3A /* GameOnUITests */ = {
			isa = PBXFileSystemSynchronizedRootGroup;
			path = GameOnUITests;
			sourceTree = "<group>";
		};
/* End PBXFileSystemSynchronizedRootGroup section */

/* Begin PBXFrameworksBuildPhase section */
		04E02CDC2F578B80009A4D3A /* Frameworks */ = {
			isa = PBXFrameworksBuildPhase;
			buildActionMask = 2147483647;
			files = (
			);
			runOnlyForDeploymentPostprocessing = 0;
		};
		04E02CEE2F578B82009A4D3A /* Frameworks */ = {
			isa = PBXFrameworksBuildPhase;
			buildActionMask = 2147483647;
			files = (
			);
			runOnlyForDeploymentPostprocessing = 0;
		};
		04E02CF82F578B82009A4D3A /* Frameworks */ = {
			isa = PBXFrameworksBuildPhase;
			buildActionMask = 2147483647;
			files = (
			);
			runOnlyForDeploymentPostprocessing = 0;
		};
/* End PBXFrameworksBuildPhase section */

/* Begin PBXGroup section */
		04E02CD62F578B80009A4D3A = {
			isa = PBXGroup;
			children = (
				04E02CE12F578B80009A4D3A /* DuelFantasy */,
				04E02CF42F578B82009A4D3A /* GameOnTests */,
				04E02CFE2F578B82009A4D3A /* GameOnUITests */,
				04E02CE02F578B80009A4D3A /* Products */,
				04E02D0E2F579009009A4D3A /* SportsData.swift */,
				04E02D102F579627009A4D3A /* DFSData.swift */,
				04E02D162F588486009A4D3A /* SupabaseService.swift */,
				04E02D182F58849B009A4D3A /* AuthViewModel.swift */,
				04E02D1A2F58849C009A4D3A /* AuthView.swift */,
				04E02D1C2F5885F6009A4D3A /* supabase_schema.sql */,
				04E02DC22F5BD7A9009A4D3A /* BestBallData.swift */,
				04E02E712F611884009A4D3A /* GolfDFSData.swift */,
				042F01692F69DCC30087BDC2 /* GolfPlayerDetailView.swift */,
				042F016B2F6C99910087BDC2 /* FullHistoryView.swift */,
				0469ADCD2F7E61E60035C895 /* AnalyticsView.swift */,
				0469AF202F8CC1E00035C895 /* PlayoffTiersData.swift */,
				04747F302FA5CAB9009F757D /* TennisBracketData.swift */,
				04A32BE62FB1B48500EFB19C /* SoccerDFSData.swift */,
				048067CB2FBF863A00861A1E /* Lobster-Regular.ttf */,
				04A32C912FB4777800EFB19C /* GolfTiersData.swift */,
				04A32C932FB478EC00EFB19C /* GolfTiersViewModel.swift */,
				04A32C952FB479DC00EFB19C /* GolfTiersLobbyView.swift */,
				04A32C972FB479DD00EFB19C /* GolfTiersLiveView.swift */,
				04A32C992FB479DF00EFB19C /* GolfTiersGroupDetailView.swift */,
				048067D12FC1411000861A1E /* SoccerTiersData.swift */,
				048067DB2FC1785400861A1E /* UFCDFSData.swift */,
				048067DD2FC184B400861A1E /* NFLDFSData.swift */,
				048067DF2FC18B3300861A1E /* NCAAFBDFSData.swift */,
				048067E12FC1B14300861A1E /* GolfTiersSettledDetailView.swift */,
			);
			sourceTree = "<group>";
		};
		04E02CE02F578B80009A4D3A /* Products */ = {
			isa = PBXGroup;
			children = (
				04E02CDF2F578B80009A4D3A /* DuelFantasy.app */,
				04E02CF12F578B82009A4D3A /* DuelFantasyTests.xctest */,
				04E02CFB2F578B82009A4D3A /* DuelFantasyUITests.xctest */,
			);
			name = Products;
			sourceTree = "<group>";
		};
/* End PBXGroup section */

/* Begin PBXNativeTarget section */
		04E02CDE2F578B80009A4D3A /* DuelFantasy */ = {
			isa = PBXNativeTarget;
			buildConfigurationList = 04E02D052F578B82009A4D3A /* Build configuration list for PBXNativeTarget "DuelFantasy" */;
			buildPhases = (
				04E02CDB2F578B80009A4D3A /* Sources */,
				04E02CDC2F578B80009A4D3A /* Frameworks */,
				04E02CDD2F578B80009A4D3A /* Resources */,
			);
			buildRules = (
			);
			dependencies = (
			);
			fileSystemSynchronizedGroups = (
				04E02CE12F578B80009A4D3A /* DuelFantasy */,
			);
			name = DuelFantasy;
			packageProductDependencies = (
			);
			productName = GameOn;
			productReference = 04E02CDF2F578B80009A4D3A /* DuelFantasy.app */;
			productType = "com.apple.product-type.application";
		};
		04E02CF02F578B82009A4D3A /* DuelFantasyTests */ = {
			isa = PBXNativeTarget;
			buildConfigurationList = 04E02D082F578B82009A4D3A /* Build configuration list for PBXNativeTarget "DuelFantasyTests" */;
			buildPhases = (
				04E02CED2F578B82009A4D3A /* Sources */,
				04E02CEE2F578B82009A4D3A /* Frameworks */,
				04E02CEF2F578B82009A4D3A /* Resources */,
			);
			buildRules = (
			);
			dependencies = (
				04E02CF32F578B82009A4D3A /* PBXTargetDependency */,
			);
			fileSystemSynchronizedGroups = (
				04E02CF42F578B82009A4D3A /* GameOnTests */,
			);
			name = DuelFantasyTests;
			packageProductDependencies = (
			);
			productName = GameOnTests;
			productReference = 04E02CF12F578B82009A4D3A /* DuelFantasyTests.xctest */;
			productType = "com.apple.product-type.bundle.unit-test";
		};
		04E02CFA2F578B82009A4D3A /* DuelFantasyUITests */ = {
			isa = PBXNativeTarget;
			buildConfigurationList = 04E02D0B2F578B82009A4D3A /* Build configuration list for PBXNativeTarget "DuelFantasyUITests" */;
			buildPhases = (
				04E02CF72F578B82009A4D3A /* Sources */,
				04E02CF82F578B82009A4D3A /* Frameworks */,
				04E02CF92F578B82009A4D3A /* Resources */,
			);
			buildRules = (
			);
			dependencies = (
				04E02CFD2F578B82009A4D3A /* PBXTargetDependency */,
			);
			fileSystemSynchronizedGroups = (
				04E02CFE2F578B82009A4D3A /* GameOnUITests */,
			);
			name = DuelFantasyUITests;
			packageProductDependencies = (
			);
			productName = GameOnUITests;
			productReference = 04E02CFB2F578B82009A4D3A /* DuelFantasyUITests.xctest */;
			productType = "com.apple.product-type.bundle.ui-testing";
		};
/* End PBXNativeTarget section */

/* Begin PBXProject section */
		04E02CD72F578B80009A4D3A /* Project object */ = {
			isa = PBXProject;
			attributes = {
				BuildIndependentTargetsInParallel = 1;
				LastSwiftUpdateCheck = 2630;
				LastUpgradeCheck = 2630;
				TargetAttributes = {
					04E02CDE2F578B80009A4D3A = {
						CreatedOnToolsVersion = 26.3;
					};
					04E02CF02F578B82009A4D3A = {
						CreatedOnToolsVersion = 26.3;
						TestTargetID = 04E02CDE2F578B80009A4D3A;
					};
					04E02CFA2F578B82009A4D3A = {
						CreatedOnToolsVersion = 26.3;
						TestTargetID = 04E02CDE2F578B80009A4D3A;
					};
				};
			};
			buildConfigurationList = 04E02CDA2F578B80009A4D3A /* Build configuration list for PBXProject "DuelFantasy" */;
			developmentRegion = en;
			hasScannedForEncodings = 0;
			knownRegions = (
				en,
				Base,
			);
			mainGroup = 04E02CD62F578B80009A4D3A;
			minimizedProjectReferenceProxies = 1;
			preferredProjectObjectVersion = 77;
			productRefGroup = 04E02CE02F578B80009A4D3A /* Products */;
			projectDirPath = "";
			projectRoot = "";
			targets = (
				04E02CDE2F578B80009A4D3A /* DuelFantasy */,
				04E02CF02F578B82009A4D3A /* DuelFantasyTests */,
				04E02CFA2F578B82009A4D3A /* DuelFantasyUITests */,
			);
		};
/* End PBXProject section */

/* Begin PBXResourcesBuildPhase section */
		04E02CDD2F578B80009A4D3A /* Resources */ = {
			isa = PBXResourcesBuildPhase;
			buildActionMask = 2147483647;
			files = (
				048067CC2FBF863A00861A1E /* Lobster-Regular.ttf in Resources */,
				04E02D1D2F5885F6009A4D3A /* supabase_schema.sql in Resources */,
			);
			runOnlyForDeploymentPostprocessing = 0;
		};
		04E02CEF2F578B82009A4D3A /* Resources */ = {
			isa = PBXResourcesBuildPhase;
			buildActionMask = 2147483647;
			files = (
			);
			runOnlyForDeploymentPostprocessing = 0;
		};
		04E02CF92F578B82009A4D3A /* Resources */ = {
			isa = PBXResourcesBuildPhase;
			buildActionMask = 2147483647;
			files = (
			);
			runOnlyForDeploymentPostprocessing = 0;
		};
/* End PBXResourcesBuildPhase section */

/* Begin PBXSourcesBuildPhase section */
		04E02CDB2F578B80009A4D3A /* Sources */ = {
			isa = PBXSourcesBuildPhase;
			buildActionMask = 2147483647;
			files = (
				04E02DC32F5BD7A9009A4D3A /* BestBallData.swift in Sources */,
				04E02D172F588486009A4D3A /* SupabaseService.swift in Sources */,
				04A32C962FB479DC00EFB19C /* GolfTiersLobbyView.swift in Sources */,
				04A32C982FB479DD00EFB19C /* GolfTiersLiveView.swift in Sources */,
				04A32BE72FB1B48500EFB19C /* SoccerDFSData.swift in Sources */,
				04A32C922FB4777800EFB19C /* GolfTiersData.swift in Sources */,
				04A32C9A2FB479DF00EFB19C /* GolfTiersGroupDetailView.swift in Sources */,
				04E02D192F58849B009A4D3A /* AuthViewModel.swift in Sources */,
				04E02D112F579627009A4D3A /* DFSData.swift in Sources */,
				04E02D0F2F579009009A4D3A /* SportsData.swift in Sources */,
				04E02E722F611884009A4D3A /* GolfDFSData.swift in Sources */,
				0469AF212F8CC1E00035C895 /* PlayoffTiersData.swift in Sources */,
				048067DC2FC1785400861A1E /* UFCDFSData.swift in Sources */,
				0469ADCE2F7E61E60035C895 /* AnalyticsView.swift in Sources */,
				042F016A2F69DCC30087BDC2 /* GolfPlayerDetailView.swift in Sources */,
				04747F312FA5CAB9009F757D /* TennisBracketData.swift in Sources */,
				042F016C2F6C99910087BDC2 /* FullHistoryView.swift in Sources */,
				04A32C942FB478EC00EFB19C /* GolfTiersViewModel.swift in Sources */,
				048067DE2FC184B400861A1E /* NFLDFSData.swift in Sources */,
				04E02D1B2F58849C009A4D3A /* AuthView.swift in Sources */,
				048067E02FC18B3300861A1E /* NCAAFBDFSData.swift in Sources */,
				048067E22FC1B14300861A1E /* GolfTiersSettledDetailView.swift in Sources */,
				048067D22FC1411000861A1E /* SoccerTiersData.swift in Sources */,
			);
			runOnlyForDeploymentPostprocessing = 0;
		};
		04E02CED2F578B82009A4D3A /* Sources */ = {
			isa = PBXSourcesBuildPhase;
			buildActionMask = 2147483647;
			files = (
			);
			runOnlyForDeploymentPostprocessing = 0;
		};
		04E02CF72F578B82009A4D3A /* Sources */ = {
			isa = PBXSourcesBuildPhase;
			buildActionMask = 2147483647;
			files = (
			);
			runOnlyForDeploymentPostprocessing = 0;
		};
/* End PBXSourcesBuildPhase section */

/* Begin PBXTargetDependency section */
		04E02CF32F578B82009A4D3A /* PBXTargetDependency */ = {
			isa = PBXTargetDependency;
			target = 04E02CDE2F578B80009A4D3A /* DuelFantasy */;
			targetProxy = 04E02CF22F578B82009A4D3A /* PBXContainerItemProxy */;
		};
		04E02CFD2F578B82009A4D3A /* PBXTargetDependency */ = {
			isa = PBXTargetDependency;
			target = 04E02CDE2F578B80009A4D3A /* DuelFantasy */;
			targetProxy = 04E02CFC2F578B82009A4D3A /* PBXContainerItemProxy */;
		};
/* End PBXTargetDependency section */

/* Begin XCBuildConfiguration section */
		04E02D032F578B82009A4D3A /* Debug */ = {
			isa = XCBuildConfiguration;
			buildSettings = {
				ALWAYS_SEARCH_USER_PATHS = NO;
				ASSETCATALOG_COMPILER_GENERATE_SWIFT_ASSET_SYMBOL_EXTENSIONS = YES;
				CLANG_ANALYZER_NONNULL = YES;
				CLANG_ANALYZER_NUMBER_OBJECT_CONVERSION = YES_AGGRESSIVE;
				CLANG_CXX_LANGUAGE_STANDARD = "gnu++20";
				CLANG_ENABLE_MODULES = YES;
				CLANG_ENABLE_OBJC_ARC = YES;
				CLANG_ENABLE_OBJC_WEAK = YES;
				CLANG_WARN_BLOCK_CAPTURE_AUTORELEASING = YES;
				CLANG_WARN_BOOL_CONVERSION = YES;
				CLANG_WARN_COMMA = YES;
				CLANG_WARN_CONSTANT_CONVERSION = YES;
				CLANG_WARN_DEPRECATED_OBJC_IMPLEMENTATIONS = YES;
				CLANG_WARN_DIRECT_OBJC_ISA_USAGE = YES_ERROR;
				CLANG_WARN_DOCUMENTATION_COMMENTS = YES;
				CLANG_WARN_EMPTY_BODY = YES;
				CLANG_WARN_ENUM_CONVERSION = YES;
				CLANG_WARN_INFINITE_RECURSION = YES;
				CLANG_WARN_INT_CONVERSION = YES;
				CLANG_WARN_NON_LITERAL_NULL_CONVERSION = YES;
				CLANG_WARN_OBJC_IMPLICIT_RETAIN_SELF = YES;
				CLANG_WARN_OBJC_LITERAL_CONVERSION = YES;
				CLANG_WARN_OBJC_ROOT_CLASS = YES_ERROR;
				CLANG_WARN_QUOTED_INCLUDE_IN_FRAMEWORK_HEADER = YES;
				CLANG_WARN_RANGE_LOOP_ANALYSIS = YES;
				CLANG_WARN_STRICT_PROTOTYPES = YES;
				CLANG_WARN_SUSPICIOUS_MOVE = YES;
				CLANG_WARN_UNGUARDED_AVAILABILITY = YES_AGGRESSIVE;
				CLANG_WARN_UNREACHABLE_CODE = YES;
				CLANG_WARN__DUPLICATE_METHOD_MATCH = YES;
				COPY_PHASE_STRIP = NO;
				DEBUG_INFORMATION_FORMAT = dwarf;
				DEVELOPMENT_TEAM = P9HMSY7R39;
				ENABLE_STRICT_OBJC_MSGSEND = YES;
				ENABLE_TESTABILITY = YES;
				ENABLE_USER_SCRIPT_SANDBOXING = YES;
				GCC_C_LANGUAGE_STANDARD = gnu17;
				GCC_DYNAMIC_NO_PIC = NO;
				GCC_NO_COMMON_BLOCKS = YES;
				GCC_OPTIMIZATION_LEVEL = 0;
				GCC_PREPROCESSOR_DEFINITIONS = (
					"DEBUG=1",
					"$(inherited)",
				);
				GCC_WARN_64_TO_32_BIT_CONVERSION = YES;
				GCC_WARN_ABOUT_RETURN_TYPE = YES_ERROR;
				GCC_WARN_UNDECLARED_SELECTOR = YES;
				GCC_WARN_UNINITIALIZED_AUTOS = YES_AGGRESSIVE;
				GCC_WARN_UNUSED_FUNCTION = YES;
				GCC_WARN_UNUSED_VARIABLE = YES;
				LOCALIZATION_PREFERS_STRING_CATALOGS = YES;
				MTL_ENABLE_DEBUG_INFO = INCLUDE_SOURCE;
				MTL_FAST_MATH = YES;
				ONLY_ACTIVE_ARCH = YES;
				SWIFT_ACTIVE_COMPILATION_CONDITIONS = "DEBUG $(inherited)";
				SWIFT_OPTIMIZATION_LEVEL = "-Onone";
			};
			name = Debug;
		};
		04E02D042F578B82009A4D3A /* Release */ = {
			isa = XCBuildConfiguration;
			buildSettings = {
				ALWAYS_SEARCH_USER_PATHS = NO;
				ASSETCATALOG_COMPILER_GENERATE_SWIFT_ASSET_SYMBOL_EXTENSIONS = YES;
				CLANG_ANALYZER_NONNULL = YES;
				CLANG_ANALYZER_NUMBER_OBJECT_CONVERSION = YES_AGGRESSIVE;
				CLANG_CXX_LANGUAGE_STANDARD = "gnu++20";
				CLANG_ENABLE_MODULES = YES;
				CLANG_ENABLE_OBJC_ARC = YES;
				CLANG_ENABLE_OBJC_WEAK = YES;
				CLANG_WARN_BLOCK_CAPTURE_AUTORELEASING = YES;
				CLANG_WARN_BOOL_CONVERSION = YES;
				CLANG_WARN_COMMA = YES;
				CLANG_WARN_CONSTANT_CONVERSION = YES;
				CLANG_WARN_DEPRECATED_OBJC_IMPLEMENTATIONS = YES;
				CLANG_WARN_DIRECT_OBJC_ISA_USAGE = YES_ERROR;
				CLANG_WARN_DOCUMENTATION_COMMENTS = YES;
				CLANG_WARN_EMPTY_BODY = YES;
				CLANG_WARN_ENUM_CONVERSION = YES;
				CLANG_WARN_INFINITE_RECURSION = YES;
				CLANG_WARN_INT_CONVERSION = YES;
				CLANG_WARN_NON_LITERAL_NULL_CONVERSION = YES;
				CLANG_WARN_OBJC_IMPLICIT_RETAIN_SELF = YES;
				CLANG_WARN_OBJC_LITERAL_CONVERSION = YES;
				CLANG_WARN_OBJC_ROOT_CLASS = YES_ERROR;
				CLANG_WARN_QUOTED_INCLUDE_IN_FRAMEWORK_HEADER = YES;
				CLANG_WARN_RANGE_LOOP_ANALYSIS = YES;
				CLANG_WARN_STRICT_PROTOTYPES = YES;
				CLANG_WARN_SUSPICIOUS_MOVE = YES;
				CLANG_WARN_UNGUARDED_AVAILABILITY = YES_AGGRESSIVE;
				CLANG_WARN_UNREACHABLE_CODE = YES;
				CLANG_WARN__DUPLICATE_METHOD_MATCH = YES;
				COPY_PHASE_STRIP = NO;
				DEBUG_INFORMATION_FORMAT = "dwarf-with-dsym";
				DEVELOPMENT_TEAM = P9HMSY7R39;
				ENABLE_NS_ASSERTIONS = NO;
				ENABLE_STRICT_OBJC_MSGSEND = YES;
				ENABLE_USER_SCRIPT_SANDBOXING = YES;
				GCC_C_LANGUAGE_STANDARD = gnu17;
				GCC_NO_COMMON_BLOCKS = YES;
				GCC_WARN_64_TO_32_BIT_CONVERSION = YES;
				GCC_WARN_ABOUT_RETURN_TYPE = YES_ERROR;
				GCC_WARN_UNDECLARED_SELECTOR = YES;
				GCC_WARN_UNINITIALIZED_AUTOS = YES_AGGRESSIVE;
				GCC_WARN_UNUSED_FUNCTION = YES;
				GCC_WARN_UNUSED_VARIABLE = YES;
				LOCALIZATION_PREFERS_STRING_CATALOGS = YES;
				MTL_ENABLE_DEBUG_INFO = NO;
				MTL_FAST_MATH = YES;
				SWIFT_COMPILATION_MODE = wholemodule;
			};
			name = Release;
		};
		04E02D062F578B82009A4D3A /* Debug */ = {
			isa = XCBuildConfiguration;
			buildSettings = {
				ASSETCATALOG_COMPILER_APPICON_NAME = AppIcon;
				ASSETCATALOG_COMPILER_GLOBAL_ACCENT_COLOR_NAME = AccentColor;
				CODE_SIGN_STYLE = Automatic;
				CURRENT_PROJECT_VERSION = 11;
				DEVELOPMENT_TEAM = D9WFQ2TQD9;
				ENABLE_APP_SANDBOX = YES;
				ENABLE_HARDENED_RUNTIME = YES;
				ENABLE_PREVIEWS = YES;
				ENABLE_USER_SELECTED_FILES = readonly;
				GENERATE_INFOPLIST_FILE = YES;
				INFOPLIST_FILE = DuelFantasy/Info.plist;
				INFOPLIST_KEY_CFBundleDisplayName = DuelFantasy;
				INFOPLIST_KEY_LSApplicationCategoryType = "public.app-category.sports-games";
				"INFOPLIST_KEY_UIApplicationSceneManifest_Generation[sdk=iphoneos*]" = YES;
				"INFOPLIST_KEY_UIApplicationSceneManifest_Generation[sdk=iphonesimulator*]" = YES;
				"INFOPLIST_KEY_UIApplicationSupportsIndirectInputEvents[sdk=iphoneos*]" = YES;
				"INFOPLIST_KEY_UIApplicationSupportsIndirectInputEvents[sdk=iphonesimulator*]" = YES;
				"INFOPLIST_KEY_UILaunchScreen_Generation[sdk=iphoneos*]" = YES;
				"INFOPLIST_KEY_UILaunchScreen_Generation[sdk=iphonesimulator*]" = YES;
				"INFOPLIST_KEY_UIStatusBarStyle[sdk=iphoneos*]" = UIStatusBarStyleDefault;
				"INFOPLIST_KEY_UIStatusBarStyle[sdk=iphonesimulator*]" = UIStatusBarStyleDefault;
				INFOPLIST_KEY_UISupportedInterfaceOrientations_iPad = "UIInterfaceOrientationPortrait UIInterfaceOrientationPortraitUpsideDown UIInterfaceOrientationLandscapeLeft UIInterfaceOrientationLandscapeRight";
				INFOPLIST_KEY_UISupportedInterfaceOrientations_iPhone = "UIInterfaceOrientationPortrait UIInterfaceOrientationLandscapeLeft UIInterfaceOrientationLandscapeRight";
				IPHONEOS_DEPLOYMENT_TARGET = 26.2;
				LD_RUNPATH_SEARCH_PATHS = "@executable_path/Frameworks";
				"LD_RUNPATH_SEARCH_PATHS[sdk=macosx*]" = "@executable_path/../Frameworks";
				MACOSX_DEPLOYMENT_TARGET = 26.2;
				MARKETING_VERSION = 1.1.0;
				PRODUCT_BUNDLE_IDENTIFIER = GameOn.GameOn7;
				PRODUCT_NAME = "$(TARGET_NAME)";
				REGISTER_APP_GROUPS = YES;
				SDKROOT = auto;
				STRING_CATALOG_GENERATE_SYMBOLS = YES;
				SUPPORTED_PLATFORMS = "iphoneos iphonesimulator macosx xros xrsimulator";
				SWIFT_APPROACHABLE_CONCURRENCY = YES;
				SWIFT_DEFAULT_ACTOR_ISOLATION = MainActor;
				SWIFT_EMIT_LOC_STRINGS = YES;
				SWIFT_UPCOMING_FEATURE_MEMBER_IMPORT_VISIBILITY = YES;
				SWIFT_VERSION = 5.0;
				TARGETED_DEVICE_FAMILY = "1,2,7";
				XROS_DEPLOYMENT_TARGET = 26.2;
			};
			name = Debug;
		};
		04E02D072F578B82009A4D3A /* Release */ = {
			isa = XCBuildConfiguration;
			buildSettings = {
				ASSETCATALOG_COMPILER_APPICON_NAME = AppIcon;
				ASSETCATALOG_COMPILER_GLOBAL_ACCENT_COLOR_NAME = AccentColor;
				CODE_SIGN_STYLE = Automatic;
				CURRENT_PROJECT_VERSION = 11;
				DEVELOPMENT_TEAM = D9WFQ2TQD9;
				ENABLE_APP_SANDBOX = YES;
				ENABLE_HARDENED_RUNTIME = YES;
				ENABLE_PREVIEWS = YES;
				ENABLE_USER_SELECTED_FILES = readonly;
				GENERATE_INFOPLIST_FILE = YES;
				INFOPLIST_FILE = DuelFantasy/Info.plist;
				INFOPLIST_KEY_CFBundleDisplayName = DuelFantasy;
				INFOPLIST_KEY_LSApplicationCategoryType = "public.app-category.sports-games";
				"INFOPLIST_KEY_UIApplicationSceneManifest_Generation[sdk=iphoneos*]" = YES;
				"INFOPLIST_KEY_UIApplicationSceneManifest_Generation[sdk=iphonesimulator*]" = YES;
				"INFOPLIST_KEY_UIApplicationSupportsIndirectInputEvents[sdk=iphoneos*]" = YES;
				"INFOPLIST_KEY_UIApplicationSupportsIndirectInputEvents[sdk=iphonesimulator*]" = YES;
				"INFOPLIST_KEY_UILaunchScreen_Generation[sdk=iphoneos*]" = YES;
				"INFOPLIST_KEY_UILaunchScreen_Generation[sdk=iphonesimulator*]" = YES;
				"INFOPLIST_KEY_UIStatusBarStyle[sdk=iphoneos*]" = UIStatusBarStyleDefault;
				"INFOPLIST_KEY_UIStatusBarStyle[sdk=iphonesimulator*]" = UIStatusBarStyleDefault;
				INFOPLIST_KEY_UISupportedInterfaceOrientations_iPad = "UIInterfaceOrientationPortrait UIInterfaceOrientationPortraitUpsideDown UIInterfaceOrientationLandscapeLeft UIInterfaceOrientationLandscapeRight";
				INFOPLIST_KEY_UISupportedInterfaceOrientations_iPhone = "UIInterfaceOrientationPortrait UIInterfaceOrientationLandscapeLeft UIInterfaceOrientationLandscapeRight";
				IPHONEOS_DEPLOYMENT_TARGET = 26.2;
				LD_RUNPATH_SEARCH_PATHS = "@executable_path/Frameworks";
				"LD_RUNPATH_SEARCH_PATHS[sdk=macosx*]" = "@executable_path/../Frameworks";
				MACOSX_DEPLOYMENT_TARGET = 26.2;
				MARKETING_VERSION = 1.1.0;
				PRODUCT_BUNDLE_IDENTIFIER = GameOn.GameOn7;
				PRODUCT_NAME = "$(TARGET_NAME)";
				REGISTER_APP_GROUPS = YES;
				SDKROOT = auto;
				STRING_CATALOG_GENERATE_SYMBOLS = YES;
				SUPPORTED_PLATFORMS = "iphoneos iphonesimulator macosx xros xrsimulator";
				SWIFT_APPROACHABLE_CONCURRENCY = YES;
				SWIFT_DEFAULT_ACTOR_ISOLATION = MainActor;
				SWIFT_EMIT_LOC_STRINGS = YES;
				SWIFT_UPCOMING_FEATURE_MEMBER_IMPORT_VISIBILITY = YES;
				SWIFT_VERSION = 5.0;
				TARGETED_DEVICE_FAMILY = "1,2,7";
				XROS_DEPLOYMENT_TARGET = 26.2;
			};
			name = Release;
		};
		04E02D092F578B82009A4D3A /* Debug */ = {
			isa = XCBuildConfiguration;
			buildSettings = {
				BUNDLE_LOADER = "$(TEST_HOST)";
				CODE_SIGN_STYLE = Automatic;
				CURRENT_PROJECT_VERSION = 1;
				DEVELOPMENT_TEAM = D9WFQ2TQD9;
				GENERATE_INFOPLIST_FILE = YES;
				IPHONEOS_DEPLOYMENT_TARGET = 26.2;
				MACOSX_DEPLOYMENT_TARGET = 26.2;
				MARKETING_VERSION = 1.0;
				PRODUCT_BUNDLE_IDENTIFIER = gameon7.gameontest;
				PRODUCT_NAME = "$(TARGET_NAME)";
				SDKROOT = auto;
				STRING_CATALOG_GENERATE_SYMBOLS = NO;
				SUPPORTED_PLATFORMS = "iphoneos iphonesimulator macosx xros xrsimulator";
				SWIFT_APPROACHABLE_CONCURRENCY = YES;
				SWIFT_EMIT_LOC_STRINGS = NO;
				SWIFT_UPCOMING_FEATURE_MEMBER_IMPORT_VISIBILITY = YES;
				SWIFT_VERSION = 5.0;
				TARGETED_DEVICE_FAMILY = "1,2,7";
				TEST_HOST = "$(BUILT_PRODUCTS_DIR)/DuelFantasy.app/$(BUNDLE_EXECUTABLE_FOLDER_PATH)/DuelFantasy";
				XROS_DEPLOYMENT_TARGET = 26.2;
			};
			name = Debug;
		};
		04E02D0A2F578B82009A4D3A /* Release */ = {
			isa = XCBuildConfiguration;
			buildSettings = {
				BUNDLE_LOADER = "$(TEST_HOST)";
				CODE_SIGN_STYLE = Automatic;
				CURRENT_PROJECT_VERSION = 1;
				DEVELOPMENT_TEAM = D9WFQ2TQD9;
				GENERATE_INFOPLIST_FILE = YES;
				IPHONEOS_DEPLOYMENT_TARGET = 26.2;
				MACOSX_DEPLOYMENT_TARGET = 26.2;
				MARKETING_VERSION = 1.0;
				PRODUCT_BUNDLE_IDENTIFIER = gameon7.gameontest;
				PRODUCT_NAME = "$(TARGET_NAME)";
				SDKROOT = auto;
				STRING_CATALOG_GENERATE_SYMBOLS = NO;
				SUPPORTED_PLATFORMS = "iphoneos iphonesimulator macosx xros xrsimulator";
				SWIFT_APPROACHABLE_CONCURRENCY = YES;
				SWIFT_EMIT_LOC_STRINGS = NO;
				SWIFT_UPCOMING_FEATURE_MEMBER_IMPORT_VISIBILITY = YES;
				SWIFT_VERSION = 5.0;
				TARGETED_DEVICE_FAMILY = "1,2,7";
				TEST_HOST = "$(BUILT_PRODUCTS_DIR)/DuelFantasy.app/$(BUNDLE_EXECUTABLE_FOLDER_PATH)/DuelFantasy";
				XROS_DEPLOYMENT_TARGET = 26.2;
			};
			name = Release;
		};
		04E02D0C2F578B82009A4D3A /* Debug */ = {
			isa = XCBuildConfiguration;
			buildSettings = {
				CODE_SIGN_STYLE = Automatic;
				CURRENT_PROJECT_VERSION = 1;
				DEVELOPMENT_TEAM = D9WFQ2TQD9;
				GENERATE_INFOPLIST_FILE = YES;
				IPHONEOS_DEPLOYMENT_TARGET = 26.2;
				MACOSX_DEPLOYMENT_TARGET = 26.2;
				MARKETING_VERSION = 1.0;
				PRODUCT_BUNDLE_IDENTIFIER = gameon7.gameontestui;
				PRODUCT_NAME = "$(TARGET_NAME)";
				SDKROOT = auto;
				STRING_CATALOG_GENERATE_SYMBOLS = NO;
				SUPPORTED_PLATFORMS = "iphoneos iphonesimulator macosx xros xrsimulator";
				SWIFT_APPROACHABLE_CONCURRENCY = YES;
				SWIFT_EMIT_LOC_STRINGS = NO;
				SWIFT_UPCOMING_FEATURE_MEMBER_IMPORT_VISIBILITY = YES;
				SWIFT_VERSION = 5.0;
				TARGETED_DEVICE_FAMILY = "1,2,7";
				TEST_TARGET_NAME = GameOn;
				XROS_DEPLOYMENT_TARGET = 26.2;
			};
			name = Debug;
		};
		04E02D0D2F578B82009A4D3A /* Release */ = {
			isa = XCBuildConfiguration;
			buildSettings = {
				CODE_SIGN_STYLE = Automatic;
				CURRENT_PROJECT_VERSION = 1;
				DEVELOPMENT_TEAM = D9WFQ2TQD9;
				GENERATE_INFOPLIST_FILE = YES;
				IPHONEOS_DEPLOYMENT_TARGET = 26.2;
				MACOSX_DEPLOYMENT_TARGET = 26.2;
				MARKETING_VERSION = 1.0;
				PRODUCT_BUNDLE_IDENTIFIER = gameon7.gameontestui;
				PRODUCT_NAME = "$(TARGET_NAME)";
				SDKROOT = auto;
				STRING_CATALOG_GENERATE_SYMBOLS = NO;
				SUPPORTED_PLATFORMS = "iphoneos iphonesimulator macosx xros xrsimulator";
				SWIFT_APPROACHABLE_CONCURRENCY = YES;
				SWIFT_EMIT_LOC_STRINGS = NO;
				SWIFT_UPCOMING_FEATURE_MEMBER_IMPORT_VISIBILITY = YES;
				SWIFT_VERSION = 5.0;
				TARGETED_DEVICE_FAMILY = "1,2,7";
				TEST_TARGET_NAME = GameOn;
				XROS_DEPLOYMENT_TARGET = 26.2;
			};
			name = Release;
		};
/* End XCBuildConfiguration section */

/* Begin XCConfigurationList section */
		04E02CDA2F578B80009A4D3A /* Build configuration list for PBXProject "DuelFantasy" */ = {
			isa = XCConfigurationList;
			buildConfigurations = (
				04E02D032F578B82009A4D3A /* Debug */,
				04E02D042F578B82009A4D3A /* Release */,
			);
			defaultConfigurationIsVisible = 0;
			defaultConfigurationName = Release;
		};
		04E02D052F578B82009A4D3A /* Build configuration list for PBXNativeTarget "DuelFantasy" */ = {
			isa = XCConfigurationList;
			buildConfigurations = (
				04E02D062F578B82009A4D3A /* Debug */,
				04E02D072F578B82009A4D3A /* Release */,
			);
			defaultConfigurationIsVisible = 0;
			defaultConfigurationName = Release;
		};
		04E02D082F578B82009A4D3A /* Build configuration list for PBXNativeTarget "DuelFantasyTests" */ = {
			isa = XCConfigurationList;
			buildConfigurations = (
				04E02D092F578B82009A4D3A /* Debug */,
				04E02D0A2F578B82009A4D3A /* Release */,
			);
			defaultConfigurationIsVisible = 0;
			defaultConfigurationName = Release;
		};
		04E02D0B2F578B82009A4D3A /* Build configuration list for PBXNativeTarget "DuelFantasyUITests" */ = {
			isa = XCConfigurationList;
			buildConfigurations = (
				04E02D0C2F578B82009A4D3A /* Debug */,
				04E02D0D2F578B82009A4D3A /* Release */,
			);
			defaultConfigurationIsVisible = 0;
			defaultConfigurationName = Release;
		};
/* End XCConfigurationList section */
	};
	rootObject = 04E02CD72F578B80009A4D3A /* Project object */;
}
